
Microsoft Visual Studio Solution File, Format Version 12.00
# Visual Studio 15
VisualStudioVersion = 15.0.26730.12
MinimumVisualStudioVersion = 10.0.40219.1
Project("{FAE04EC0-301F-11D3-BF4B-00C04F79EFBC}") = "TheSalesTracker", "TheSalesTracker\TheSalesTracker.csproj", "{1254CC10-4DE4-480D-9F18-625BFB3314C2}"
EndProject
Global
	GlobalSection(SolutionConfigurationPlatforms) = preSolution
		Debug|Any CPU = Debug|Any CPU
		Release|Any CPU = Release|Any CPU
	EndGlobalSection
	GlobalSection(ProjectConfigurationPlatforms) = postSolution
		{1254CC10-4DE4-480D-9F18-625BFB3314C2}.Debug|Any CPU.ActiveCfg = Debug|Any CPU
		{1254CC10-4DE4-480D-9F18-625BFB3314C2}.Debug|Any CPU.Build.0 = Debug|Any CPU
		{1254CC10-4DE4-480D-9F18-625BFB3314C2}.Release|Any CPU.ActiveCfg = Release|Any CPU
		{1254CC10-4DE4-480D-9F18-625BFB3314C2}.Release|Any CPU.Build.0 = Release|Any CPU
	EndGlobalSection
	GlobalSection(SolutionProperties) = preSolution
		HideSolutionNode = FALSE
	EndGlobalSection
	GlobalSection(ExtensibilityGlobals) = postSolution
		SolutionGuid = {DA581218-9CBC-47EC-89E0-BE7E36B287CC}
	EndGlobalSection
EndGlobal
